
Microsoft Visual Studio Solution File, Format Version 12.00
# Visual Studio Version 17
VisualStudioVersion = 17.1.32210.238
MinimumVisualStudioVersion = 10.0.40219.1
Project("{FAE04EC0-301F-11D3-BF4B-00C04F79EFBC}") = "EmplyeePayrollService", "EmplyeePayrollService.csproj", "{B7BB76DA-0CD1-49F8-8B80-75ED0107B916}"
EndProject
Global
	GlobalSection(SolutionConfigurationPlatforms) = preSolution
		Debug|Any CPU = Debug|Any CPU
		Release|Any CPU = Release|Any CPU
	EndGlobalSection
	GlobalSection(ProjectConfigurationPlatforms) = postSolution
		{B7BB76DA-0CD1-49F8-8B80-75ED0107B916}.Debug|Any CPU.ActiveCfg = Debug|Any CPU
		{B7BB76DA-0CD1-49F8-8B80-75ED0107B916}.Debug|Any CPU.Build.0 = Debug|Any CPU
		{B7BB76DA-0CD1-49F8-8B80-75ED0107B916}.Release|Any CPU.ActiveCfg = Release|Any CPU
		{B7BB76DA-0CD1-49F8-8B80-75ED0107B916}.Release|Any CPU.Build.0 = Release|Any CPU
	EndGlobalSection
	GlobalSection(SolutionProperties) = preSolution
		HideSolutionNode = FALSE
	EndGlobalSection
	GlobalSection(ExtensibilityGlobals) = postSolution
		SolutionGuid = {1C123B22-75E4-467E-BEEE-D6ED95DE8379}
	EndGlobalSection
EndGlobal
